Microsoft Visual Studio Solution File, Format Version 12.00
# Visual Studio Version 17
VisualStudioVersion = 17.5.2.0
MinimumVisualStudioVersion = 10.0.40219.1
Project("{FAE04EC0-301F-11D3-BF4B-00C04F79EFBC}") = "KeyVaultSecretApi", "KeyVaultSecretApi.csproj", "{BCC0B509-179A-75D4-F715-FDDEC19DDA46}"
EndProject
Global
	GlobalSection(SolutionConfigurationPlatforms) = preSolution
		Debug|Any CPU = Debug|Any CPU
		Release|Any CPU = Release|Any CPU
	EndGlobalSection
	GlobalSection(ProjectConfigurationPlatforms) = postSolution
		{BCC0B509-179A-75D4-F715-FDDEC19DDA46}.Debug|Any CPU.ActiveCfg = Debug|Any CPU
		{BCC0B509-179A-75D4-F715-FDDEC19DDA46}.Debug|Any CPU.Build.0 = Debug|Any CPU
		{BCC0B509-179A-75D4-F715-FDDEC19DDA46}.Release|Any CPU.ActiveCfg = Release|Any CPU
		{BCC0B509-179A-75D4-F715-FDDEC19DDA46}.Release|Any CPU.Build.0 = Release|Any CPU
	EndGlobalSection
	GlobalSection(SolutionProperties) = preSolution
		HideSolutionNode = FALSE
	EndGlobalSection
	GlobalSection(ExtensibilityGlobals) = postSolution
		SolutionGuid = {88EF393D-DCF1-45D4-A628-A2FE491B78DD}
	EndGlobalSection
EndGlobal
